// !$*UTF8*$!
{
	archiveVersion = 1;
	classes = {
	};
	objectVersion = 46;
	objects = {

/* Begin PBXBuildFile section */
		7E426E021E865515006D1778 /* AppDelegate.swift in Sources */ = {isa = PBXBuildFile; fileRef = 7E426E011E865515006D1778 /* AppDelegate.swift */; };
		7E426E041E865515006D1778 /* MainVC.swift in Sources */ = {isa = PBXBuildFile; fileRef = 7E426E031E865515006D1778 /* MainVC.swift */; };
		7E426E071E865515006D1778 /* Main.storyboard in Resources */ = {isa = PBXBuildFile; fileRef = 7E426E051E865515006D1778 /* Main.storyboard */; };
		7E426E091E865515006D1778 /* Assets.xcassets in Resources */ = {isa = PBXBuildFile; fileRef = 7E426E081E865515006D1778 /* Assets.xcassets */; };
		7E426E0C1E865515006D1778 /* LaunchScreen.storyboard in Resources */ = {isa = PBXBuildFile; fileRef = 7E426E0A1E865515006D1778 /* LaunchScreen.storyboard */; };
		7E426E141E86584C006D1778 /* ItemCell.swift in Sources */ = {isa = PBXBuildFile; fileRef = 7E426E131E86584C006D1778 /* ItemCell.swift */; };
		7E426E1A1E866041006D1778 /* Product.swift in Sources */ = {isa = PBXBuildFile; fileRef = 7E426E191E866041006D1778 /* Product.swift */; };
		7EBC5D561E877894008F51BE /* ImageCell.swift in Sources */ = {isa = PBXBuildFile; fileRef = 7EBC5D551E877894008F51BE /* ImageCell.swift */; };
		7EBC5D581E877D7F008F51BE /* InfoCell.swift in Sources */ = {isa = PBXBuildFile; fileRef = 7EBC5D571E877D7F008F51BE /* InfoCell.swift */; };
		7EBC5D5A1E877F9A008F51BE /* NumberHelper.swift in Sources */ = {isa = PBXBuildFile; fileRef = 7EBC5D591E877F9A008F51BE /* NumberHelper.swift */; };
		7EF95CAC1E86F196003299D0 /* DetailVC.swift in Sources */ = {isa = PBXBuildFile; fileRef = 7EF95CAB1E86F196003299D0 /* DetailVC.swift */; };
/* End PBXBuildFile section */

/* Begin PBXFileReference section */
		7E426DFE1E865515006D1778 /* WashInterviewTest.app */ = {isa = PBXFileReference; explicitFileType = wrapper.application; includeInIndex = 0; path = WashInterviewTest.app; sourceTree = BUILT_PRODUCTS_DIR; };
		7E426E011E865515006D1778 /* AppDelegate.swift */ = {isa = PBXFileReference; lastKnownFileType = sourcecode.swift; path = AppDelegate.swift; sourceTree = "<group>"; };
		7E426E031E865515006D1778 /* MainVC.swift */ = {isa = PBXFileReference; lastKnownFileType = sourcecode.swift; path = MainVC.swift; sourceTree = "<group>"; };
		7E426E061E865515006D1778 /* Base */ = {isa = PBXFileReference; lastKnownFileType = file.storyboard; name = Base; path = Base.lproj/Main.storyboard; sourceTree = "<group>"; };
		7E426E081E865515006D1778 /* Assets.xcassets */ = {isa = PBXFileReference; lastKnownFileType = folder.assetcatalog; path = Assets.xcassets; sourceTree = "<group>"; };
		7E426E0B1E865515006D1778 /* Base */ = {isa = PBXFileReference; lastKnownFileType = file.storyboard; name = Base; path = Base.lproj/LaunchScreen.storyboard; sourceTree = "<group>"; };
		7E426E0D1E865515006D1778 /* Info.plist */ = {isa = PBXFileReference; lastKnownFileType = text.plist.xml; path = Info.plist; sourceTree = "<group>"; };
		7E426E131E86584C006D1778 /* ItemCell.swift */ = {isa = PBXFileReference; fileEncoding = 4; lastKnownFileType = sourcecode.swift; path = ItemCell.swift; sourceTree = "<group>"; };
		7E426E191E866041006D1778 /* Product.swift */ = {isa = PBXFileReference; fileEncoding = 4; lastKnownFileType = sourcecode.swift; path = Product.swift; sourceTree = "<group>"; };
		7EBC5D551E877894008F51BE /* ImageCell.swift */ = {isa = PBXFileReference; fileEncoding = 4; lastKnownFileType = sourcecode.swift; path = ImageCell.swift; sourceTree = "<group>"; };
		7EBC5D571E877D7F008F51BE /* InfoCell.swift */ = {isa = PBXFileReference; fileEncoding = 4; lastKnownFileType = sourcecode.swift; path = InfoCell.swift; sourceTree = "<group>"; };
		7EBC5D591E877F9A008F51BE /* NumberHelper.swift */ = {isa = PBXFileReference; fileEncoding = 4; lastKnownFileType = sourcecode.swift; path = NumberHelper.swift; sourceTree = "<group>"; };
		7EF95CAB1E86F196003299D0 /* DetailVC.swift */ = {isa = PBXFileReference; fileEncoding = 4; lastKnownFileType = sourcecode.swift; path = DetailVC.swift; sourceTree = "<group>"; };
/* End PBXFileReference section */

/* Begin PBXFrameworksBuildPhase section */
		7E426DFB1E865514006D1778 /* Frameworks */ = {
			isa = PBXFrameworksBuildPhase;
			buildActionMask = 2147483647;
			files = (
			);
			runOnlyForDeploymentPostprocessing = 0;
		};
/* End PBXFrameworksBuildPhase section */

/* Begin PBXGroup section */
		7E426DF51E865514006D1778 = {
			isa = PBXGroup;
			children = (
				7E426E001E865515006D1778 /* WashInterviewTest */,
				7E426E181E865865006D1778 /* Supporting Files */,
				7E426DFF1E865515006D1778 /* Products */,
			);
			sourceTree = "<group>";
		};
		7E426DFF1E865515006D1778 /* Products */ = {
			isa = PBXGroup;
			children = (
				7E426DFE1E865515006D1778 /* WashInterviewTest.app */,
			);
			name = Products;
			sourceTree = "<group>";
		};
		7E426E001E865515006D1778 /* WashInterviewTest */ = {
			isa = PBXGroup;
			children = (
				7E426E1B1E867714006D1778 /* Helper */,
				7E426E171E86585D006D1778 /* Controller */,
				7E426E161E865859006D1778 /* View */,
				7E426E151E865853006D1778 /* Model */,
			);
			path = WashInterviewTest;
			sourceTree = "<group>";
		};
		7E426E151E865853006D1778 /* Model */ = {
			isa = PBXGroup;
			children = (
				7E426E191E866041006D1778 /* Product.swift */,
			);
			name = Model;
			sourceTree = "<group>";
		};
		7E426E161E865859006D1778 /* View */ = {
			isa = PBXGroup;
			children = (
				7E426E131E86584C006D1778 /* ItemCell.swift */,
				7EBC5D551E877894008F51BE /* ImageCell.swift */,
				7EBC5D571E877D7F008F51BE /* InfoCell.swift */,
			);
			name = View;
			sourceTree = "<group>";
		};
		7E426E171E86585D006D1778 /* Controller */ = {
			isa = PBXGroup;
			children = (
				7E426E031E865515006D1778 /* MainVC.swift */,
				7EF95CAB1E86F196003299D0 /* DetailVC.swift */,
			);
			name = Controller;
			sourceTree = "<group>";
		};
		7E426E181E865865006D1778 /* Supporting Files */ = {
			isa = PBXGroup;
			children = (
				7E426E0D1E865515006D1778 /* Info.plist */,
				7E426E011E865515006D1778 /* AppDelegate.swift */,
				7E426E051E865515006D1778 /* Main.storyboard */,
				7E426E081E865515006D1778 /* Assets.xcassets */,
				7E426E0A1E865515006D1778 /* LaunchScreen.storyboard */,
			);
			name = "Supporting Files";
			path = WashInterviewTest;
			sourceTree = "<group>";
		};
		7E426E1B1E867714006D1778 /* Helper */ = {
			isa = PBXGroup;
			children = (
				7EBC5D591E877F9A008F51BE /* NumberHelper.swift */,
			);
			name = Helper;
			sourceTree = "<group>";
		};
/* End PBXGroup section */

/* Begin PBXNativeTarget section */
		7E426DFD1E865514006D1778 /* WashInterviewTest */ = {
			isa = PBXNativeTarget;
			buildConfigurationList = 7E426E101E865515006D1778 /* Build configuration list for PBXNativeTarget "WashInterviewTest" */;
			buildPhases = (
				7E426DFA1E865514006D1778 /* Sources */,
				7E426DFB1E865514006D1778 /* Frameworks */,
				7E426DFC1E865514006D1778 /* Resources */,
			);
			buildRules = (
			);
			dependencies = (
			);
			name = WashInterviewTest;
			productName = WashInterviewTest;
			productReference = 7E426DFE1E865515006D1778 /* WashInterviewTest.app */;
			productType = "com.apple.product-type.application";
		};
/* End PBXNativeTarget section */

/* Begin PBXProject section */
		7E426DF61E865514006D1778 /* Project object */ = {
			isa = PBXProject;
			attributes = {
				LastSwiftUpdateCheck = 0810;
				LastUpgradeCheck = 0810;
				ORGANIZATIONNAME = "홍창남";
				TargetAttributes = {
					7E426DFD1E865514006D1778 = {
						CreatedOnToolsVersion = 8.1;
						DevelopmentTeam = W6XUQ3PPN9;
						ProvisioningStyle = Automatic;
					};
				};
			};
			buildConfigurationList = 7E426DF91E865514006D1778 /* Build configuration list for PBXProject "WashInterviewTest" */;
			compatibilityVersion = "Xcode 3.2";
			developmentRegion = English;
			hasScannedForEncodings = 0;
			knownRegions = (
				en,
				Base,
			);
			mainGroup = 7E426DF51E865514006D1778;
			productRefGroup = 7E426DFF1E865515006D1778 /* Products */;
			projectDirPath = "";
			projectRoot = "";
			targets = (
				7E426DFD1E865514006D1778 /* WashInterviewTest */,
			);
		};
/* End PBXProject section */

/* Begin PBXResourcesBuildPhase section */
		7E426DFC1E865514006D1778 /* Resources */ = {
			isa = PBXResourcesBuildPhase;
			buildActionMask = 2147483647;
			files = (
				7E426E0C1E865515006D1778 /* LaunchScreen.storyboard in Resources */,
				7E426E091E865515006D1778 /* Assets.xcassets in Resources */,
				7E426E071E865515006D1778 /* Main.storyboard in Resources */,
			);
			runOnlyForDeploymentPostprocessing = 0;
		};
/* End PBXResourcesBuildPhase section */

/* Begin PBXSourcesBuildPhase section */
		7E426DFA1E865514006D1778 /* Sources */ = {
			isa = PBXSourcesBuildPhase;
			buildActionMask = 2147483647;
			files = (
				7EF95CAC1E86F196003299D0 /* DetailVC.swift in Sources */,
				7E426E041E865515006D1778 /* MainVC.swift in Sources */,
				7E426E1A1E866041006D1778 /* Product.swift in Sources */,
				7E426E021E865515006D1778 /* AppDelegate.swift in Sources */,
				7E426E141E86584C006D1778 /* ItemCell.swift in Sources */,
				7EBC5D561E877894008F51BE /* ImageCell.swift in Sources */,
				7EBC5D5A1E877F9A008F51BE /* NumberHelper.swift in Sources */,
				7EBC5D581E877D7F008F51BE /* InfoCell.swift in Sources */,
			);
			runOnlyForDeploymentPostprocessing = 0;
		};
/* End PBXSourcesBuildPhase section */

/* Begin PBXVariantGroup section */
		7E426E051E865515006D1778 /* Main.storyboard */ = {
			isa = PBXVariantGroup;
			children = (
				7E426E061E865515006D1778 /* Base */,
			);
			name = Main.storyboard;
			sourceTree = "<group>";
		};
		7E426E0A1E865515006D1778 /* LaunchScreen.storyboard */ = {
			isa = PBXVariantGroup;
			children = (
				7E426E0B1E865515006D1778 /* Base */,
			);
			name = LaunchScreen.storyboard;
			sourceTree = "<group>";
		};
/* End PBXVariantGroup section */

/* Begin XCBuildConfiguration section */
		7E426E0E1E865515006D1778 /* Debug */ = {
			isa = XCBuildConfiguration;
			buildSettings = {
				ALWAYS_SEARCH_USER_PATHS = NO;
				CLANG_ANALYZER_NONNULL = YES;
				CLANG_CXX_LANGUAGE_STANDARD = "gnu++0x";
				CLANG_CXX_LIBRARY = "libc++";
				CLANG_ENABLE_MODULES = YES;
				CLANG_ENABLE_OBJC_ARC = YES;
				CLANG_WARN_BOOL_CONVERSION = YES;
				CLANG_WARN_CONSTANT_CONVERSION = YES;
				CLANG_WARN_DIRECT_OBJC_ISA_USAGE = YES_ERROR;
				CLANG_WARN_DOCUMENTATION_COMMENTS = YES;
				CLANG_WARN_EMPTY_BODY = YES;
				CLANG_WARN_ENUM_CONVERSION = YES;
				CLANG_WARN_INFINITE_RECURSION = YES;
				CLANG_WARN_INT_CONVERSION = YES;
				CLANG_WARN_OBJC_ROOT_CLASS = YES_ERROR;
				CLANG_WARN_SUSPICIOUS_MOVES = YES;
				CLANG_WARN_UNREACHABLE_CODE = YES;
				CLANG_WARN__DUPLICATE_METHOD_MATCH = YES;
				"CODE_SIGN_IDENTITY[sdk=iphoneos*]" = "iPhone Developer";
				COPY_PHASE_STRIP = NO;
				DEBUG_INFORMATION_FORMAT = dwarf;
				ENABLE_STRICT_OBJC_MSGSEND = YES;
				ENABLE_TESTABILITY = YES;
				GCC_C_LANGUAGE_STANDARD = gnu99;
				GCC_DYNAMIC_NO_PIC = NO;
				GCC_NO_COMMON_BLOCKS = YES;
				GCC_OPTIMIZATION_LEVEL = 0;
				GCC_PREPROCESSOR_DEFINITIONS = (
					"DEBUG=1",
					"$(inherited)",
				);
				GCC_WARN_64_TO_32_BIT_CONVERSION = YES;
				GCC_WARN_ABOUT_RETURN_TYPE = YES_ERROR;
				GCC_WARN_UNDECLARED_SELECTOR = YES;
				GCC_WARN_UNINITIALIZED_AUTOS = YES_AGGRESSIVE;
				GCC_WARN_UNUSED_FUNCTION = YES;
				GCC_WARN_UNUSED_VARIABLE = YES;
				IPHONEOS_DEPLOYMENT_TARGET = 10.1;
				MTL_ENABLE_DEBUG_INFO = YES;
				ONLY_ACTIVE_ARCH = YES;
				SDKROOT = iphoneos;
				SWIFT_ACTIVE_COMPILATION_CONDITIONS = DEBUG;
				SWIFT_OPTIMIZATION_LEVEL = "-Onone";
				TARGETED_DEVICE_FAMILY = "1,2";
			};
			name = Debug;
		};
		7E426E0F1E865515006D1778 /* Release */ = {
			isa = XCBuildConfiguration;
			buildSettings = {
				ALWAYS_SEARCH_USER_PATHS = NO;
				CLANG_ANALYZER_NONNULL = YES;
				CLANG_CXX_LANGUAGE_STANDARD = "gnu++0x";
				CLANG_CXX_LIBRARY = "libc++";
				CLANG_ENABLE_MODULES = YES;
				CLANG_ENABLE_OBJC_ARC = YES;
				CLANG_WARN_BOOL_CONVERSION = YES;
				CLANG_WARN_CONSTANT_CONVERSION = YES;
				CLANG_WARN_DIRECT_OBJC_ISA_USAGE = YES_ERROR;
				CLANG_WARN_DOCUMENTATION_COMMENTS = YES;
				CLANG_WARN_EMPTY_BODY = YES;
				CLANG_WARN_ENUM_CONVERSION = YES;
				CLANG_WARN_INFINITE_RECURSION = YES;
				CLANG_WARN_INT_CONVERSION = YES;
				CLANG_WARN_OBJC_ROOT_CLASS = YES_ERROR;
				CLANG_WARN_SUSPICIOUS_MOVES = YES;
				CLANG_WARN_UNREACHABLE_CODE = YES;
				CLANG_WARN__DUPLICATE_METHOD_MATCH = YES;
				"CODE_SIGN_IDENTITY[sdk=iphoneos*]" = "iPhone Developer";
				COPY_PHASE_STRIP = NO;
				DEBUG_INFORMATION_FORMAT = "dwarf-with-dsym";
				ENABLE_NS_ASSERTIONS = NO;
				ENABLE_STRICT_OBJC_MSGSEND = YES;
				GCC_C_LANGUAGE_STANDARD = gnu99;
				GCC_NO_COMMON_BLOCKS = YES;
				GCC_WARN_64_TO_32_BIT_CONVERSION = YES;
				GCC_WARN_ABOUT_RETURN_TYPE = YES_ERROR;
				GCC_WARN_UNDECLARED_SELECTOR = YES;
				GCC_WARN_UNINITIALIZED_AUTOS = YES_AGGRESSIVE;
				GCC_WARN_UNUSED_FUNCTION = YES;
				GCC_WARN_UNUSED_VARIABLE = YES;
				IPHONEOS_DEPLOYMENT_TARGET = 10.1;
				MTL_ENABLE_DEBUG_INFO = NO;
				SDKROOT = iphoneos;
				SWIFT_OPTIMIZATION_LEVEL = "-Owholemodule";
				TARGETED_DEVICE_FAMILY = "1,2";
				VALIDATE_PRODUCT = YES;
			};
			name = Release;
		};
		7E426E111E865515006D1778 /* Debug */ = {
			isa = XCBuildConfiguration;
			buildSettings = {
				ASSETCATALOG_COMPILER_APPICON_NAME = AppIcon;
				DEVELOPMENT_TEAM = W6XUQ3PPN9;
				INFOPLIST_FILE = WashInterviewTest/Info.plist;
				LD_RUNPATH_SEARCH_PATHS = "$(inherited) @executable_path/Frameworks";
				PRODUCT_BUNDLE_IDENTIFIER = com.hcn1519.WashInterviewTest;
				PRODUCT_NAME = "$(TARGET_NAME)";
				SWIFT_VERSION = 3.0;
			};
			name = Debug;
		};
		7E426E121E865515006D1778 /* Release */ = {
			isa = XCBuildConfiguration;
			buildSettings = {
				ASSETCATALOG_COMPILER_APPICON_NAME = AppIcon;
				DEVELOPMENT_TEAM = W6XUQ3PPN9;
				INFOPLIST_FILE = WashInterviewTest/Info.plist;
				LD_RUNPATH_SEARCH_PATHS = "$(inherited) @executable_path/Frameworks";
				PRODUCT_BUNDLE_IDENTIFIER = com.hcn1519.WashInterviewTest;
				PRODUCT_NAME = "$(TARGET_NAME)";
				SWIFT_VERSION = 3.0;
			};
			name = Release;
		};
/* End XCBuildConfiguration section */

/* Begin XCConfigurationList section */
		7E426DF91E865514006D1778 /* Build configuration list for PBXProject "WashInterviewTest" */ = {
			isa = XCConfigurationList;
			buildConfigurations = (
				7E426E0E1E865515006D1778 /* Debug */,
				7E426E0F1E865515006D1778 /* Release */,
			);
			defaultConfigurationIsVisible = 0;
			defaultConfigurationName = Release;
		};
		7E426E101E865515006D1778 /* Build configuration list for PBXNativeTarget "WashInterviewTest" */ = {
			isa = XCConfigurationList;
			buildConfigurations = (
				7E426E111E865515006D1778 /* Debug */,
				7E426E121E865515006D1778 /* Release */,
			);
			defaultConfigurationIsVisible = 0;
			defaultConfigurationName = Release;
		};
/* End XCConfigurationList section */
	};
	rootObject = 7E426DF61E865514006D1778 /* Project object */;
}
